
Microsoft Visual Studio Solution File, Format Version 12.00
# Visual Studio 15
VisualStudioVersion = 15.0.28010.2041
MinimumVisualStudioVersion = 10.0.40219.1
Project("{8BC9CEB8-8B4A-11D0-8D11-00A0C91BC942}") = "GauntletClient", "GauntletClient\GauntletClient.vcxproj", "{4A45C7AD-6FEA-4C69-A13C-E6D045AC8890}"
	ProjectSection(ProjectDependencies) = postProject
		{330FBC3D-56A5-41CE-915A-1F9178276E93} = {330FBC3D-56A5-41CE-915A-1F9178276E93}
	EndProjectSection
EndProject
Project("{8BC9CEB8-8B4A-11D0-8D11-00A0C91BC942}") = "MockingbirdEngine", "MockingbirdEngine\MockingbirdEngine.vcxproj", "{330FBC3D-56A5-41CE-915A-1F9178276E93}"
EndProject
Project("{8BC9CEB8-8B4A-11D0-8D11-00A0C91BC942}") = "UnitTesting", "UnitTesting\UnitTesting.vcxproj", "{74EA4F5F-E79B-4180-ADC0-7B198FAD9B15}"
	ProjectSection(ProjectDependencies) = postProject
		{330FBC3D-56A5-41CE-915A-1F9178276E93} = {330FBC3D-56A5-41CE-915A-1F9178276E93}
	EndProjectSection
EndProject
Global
	GlobalSection(SolutionConfigurationPlatforms) = preSolution
		Debug|x64 = Debug|x64
		Debug|x86 = Debug|x86
		Release|x64 = Release|x64
		Release|x86 = Release|x86
	EndGlobalSection
	GlobalSection(ProjectConfigurationPlatforms) = postSolution
		{4A45C7AD-6FEA-4C69-A13C-E6D045AC8890}.Debug|x64.ActiveCfg = Debug|x64
		{4A45C7AD-6FEA-4C69-A13C-E6D045AC8890}.Debug|x64.Build.0 = Debug|x64
		{4A45C7AD-6FEA-4C69-A13C-E6D045AC8890}.Debug|x86.ActiveCfg = Debug|x64
		{4A45C7AD-6FEA-4C69-A13C-E6D045AC8890}.Release|x64.ActiveCfg = Release|x64
		{4A45C7AD-6FEA-4C69-A13C-E6D045AC8890}.Release|x64.Build.0 = Release|x64
		{4A45C7AD-6FEA-4C69-A13C-E6D045AC8890}.Release|x86.ActiveCfg = Release|x64
		{330FBC3D-56A5-41CE-915A-1F9178276E93}.Debug|x64.ActiveCfg = Debug|x64
		{330FBC3D-56A5-41CE-915A-1F9178276E93}.Debug|x64.Build.0 = Debug|x64
		{330FBC3D-56A5-41CE-915A-1F9178276E93}.Debug|x86.ActiveCfg = Debug|x64
		{330FBC3D-56A5-41CE-915A-1F9178276E93}.Release|x64.ActiveCfg = Release|x64
		{330FBC3D-56A5-41CE-915A-1F9178276E93}.Release|x64.Build.0 = Release|x64
		{330FBC3D-56A5-41CE-915A-1F9178276E93}.Release|x86.ActiveCfg = Release|x64
		{74EA4F5F-E79B-4180-ADC0-7B198FAD9B15}.Debug|x64.ActiveCfg = Debug|x64
		{74EA4F5F-E79B-4180-ADC0-7B198FAD9B15}.Debug|x64.Build.0 = Debug|x64
		{74EA4F5F-E79B-4180-ADC0-7B198FAD9B15}.Debug|x86.ActiveCfg = Debug|Win32
		{74EA4F5F-E79B-4180-ADC0-7B198FAD9B15}.Debug|x86.Build.0 = Debug|Win32
		{74EA4F5F-E79B-4180-ADC0-7B198FAD9B15}.Release|x64.ActiveCfg = Release|x64
		{74EA4F5F-E79B-4180-ADC0-7B198FAD9B15}.Release|x64.Build.0 = Release|x64
		{74EA4F5F-E79B-4180-ADC0-7B198FAD9B15}.Release|x86.ActiveCfg = Release|Win32
		{74EA4F5F-E79B-4180-ADC0-7B198FAD9B15}.Release|x86.Build.0 = Release|Win32
	EndGlobalSection
	GlobalSection(SolutionProperties) = preSolution
		HideSolutionNode = FALSE
	EndGlobalSection
	GlobalSection(ExtensibilityGlobals) = postSolution
		SolutionGuid = {69F43680-2103-49D7-882A-BCE20875C269}
	EndGlobalSection
EndGlobal
